{
  "name": "umiro-plugins",
  "version": "0.1.0",
  "lockfileVersion": 3,
  "requires": true,
  "packages": {
    "": {
      "name": "umiro-plugins",
      "version": "0.1.0",
      "workspaces": [
        "packages/*"
      ],
      "engines": {
        "node": ">=22"
      }
    },
    "node_modules/@types/node": {
      "version": "24.13.3",
      "resolved": "https://registry.npmjs.org/@types/node/-/node-24.13.3.tgz",
      "integrity": "sha512-Dh8vAsV36ig5wa9OX4pXvMc9D3Veibfw2wix0CUwYODLD8nkj9UsLjASr49nPg+2eKzxhBV+v7L8pXvT4e639Q==",
      "dev": true,
      "license": "MIT",
      "dependencies": {
        "undici-types": "~7.18.0"
      }
    },
    "node_modules/@umiro-plugins/coder": {
      "resolved": "packages/coder",
      "link": true
    },
    "node_modules/@umiro-plugins/daily-report": {
      "resolved": "packages/daily-report",
      "link": true
    },
    "node_modules/@umiro-plugins/google": {
      "resolved": "packages/google",
      "link": true
    },
    "node_modules/@umiro-plugins/people": {
      "resolved": "packages/people",
      "link": true
    },
    "node_modules/@umiro-plugins/soul-guardian": {
      "resolved": "packages/soul-guardian",
      "link": true
    },
    "node_modules/@umiro-plugins/tool-activity": {
      "resolved": "packages/tool-activity",
      "link": true
    },
    "node_modules/typescript": {
      "version": "5.9.3",
      "resolved": "https://registry.npmjs.org/typescript/-/typescript-5.9.3.tgz",
      "integrity": "sha512-jl1vZzPDinLr9eUt3J/t7V6FgNEw9QjvBPdysz9KfQDD41fQrC2Y4vKQdiaUpFT4bXlb1RHhLpp8wtm6M5TgSw==",
      "dev": true,
      "license": "Apache-2.0",
      "bin": {
        "tsc": "bin/tsc",
        "tsserver": "bin/tsserver"
      },
      "engines": {
        "node": ">=14.17"
      }
    },
    "node_modules/undici-types": {
      "version": "7.18.2",
      "resolved": "https://registry.npmjs.org/undici-types/-/undici-types-7.18.2.tgz",
      "integrity": "sha512-AsuCzffGHJybSaRrmr5eHr81mwJU3kjw6M+uprWvCXiNeN9SOGwQ3Jn8jb8m3Z6izVgknn1R0FTCEAP2QrLY/w==",
      "dev": true,
      "license": "MIT"
    },
    "packages/coder": {
      "name": "@umiro-plugins/coder",
      "version": "0.1.0",
      "devDependencies": {
        "@types/node": "^24.3.0",
        "typescript": "^5.9.2"
      },
      "engines": {
        "node": ">=22"
      }
    },
    "packages/daily-report": {
      "name": "@umiro-plugins/daily-report",
      "version": "0.1.0",
      "devDependencies": {
        "@types/node": "^24.3.0",
        "typescript": "^5.9.2"
      },
      "engines": {
        "node": ">=22"
      }
    },
    "packages/google": {
      "name": "@umiro-plugins/google",
      "version": "0.1.0",
      "devDependencies": {
        "@types/node": "^24.3.0",
        "typescript": "^5.9.2"
      },
      "engines": {
        "node": ">=22"
      }
    },
    "packages/people": {
      "name": "@umiro-plugins/people",
      "version": "0.1.0",
      "devDependencies": {
        "@types/node": "^24.3.0",
        "typescript": "^5.9.2"
      },
      "engines": {
        "node": ">=22"
      }
    },
    "packages/soul-guardian": {
      "name": "@umiro-plugins/soul-guardian",
      "version": "0.4.0",
      "devDependencies": {
        "@types/node": "^24.3.0",
        "typescript": "^5.9.2"
      },
      "engines": {
        "node": ">=22"
      }
    },
    "packages/tool-activity": {
      "name": "@umiro-plugins/tool-activity",
      "version": "0.1.0",
      "devDependencies": {
        "@types/node": "^24.3.0",
        "typescript": "^5.9.2"
      },
      "engines": {
        "node": ">=22"
      }
    }
  }
}
